
Microsoft Visual Studio Solution File, Format Version 12.00
# Visual Studio Version 17
VisualStudioVersion = 17.5.33530.505
MinimumVisualStudioVersion = 10.0.40219.1
Project("{9A19103F-16F7-4668-BE54-9A1E7A4F7556}") = "WpfComponents.App", "WpfComponents.App\WpfComponents.App.csproj", "{7941AC21-0FC5-4046-ACC5-356BBC4452D5}"
EndProject
Project("{9A19103F-16F7-4668-BE54-9A1E7A4F7556}") = "WpfComponents.Lib", "WpfComponents.Lib\WpfComponents.Lib.csproj", "{979CB636-5BE9-4C87-BB34-EB8E047A39AB}"
EndProject
Project("{FAE04EC0-301F-11D3-BF4B-00C04F79EFBC}") = "Joufflu.Shared", "Joufflu.Shared\Joufflu.Shared.csproj", "{04B12512-5AD4-44CB-A42F-076619A17B60}"
EndProject
Project("{FAE04EC0-301F-11D3-BF4B-00C04F79EFBC}") = "Joufflu.Inputs", "Joufflu.Inputs\Joufflu.Inputs.csproj", "{998F1558-7217-41EC-A8D2-A96C5338DBA4}"
EndProject
Project("{2150E333-8FDC-42A3-9474-1A3956D46DE8}") = "Libs", "Libs", "{DB72DC5E-D46F-42BB-A6CB-F75A8F74F7AB}"
EndProject
Project("{FAE04EC0-301F-11D3-BF4B-00C04F79EFBC}") = "Joufflu.Samples", "Joufflu.Samples\Joufflu.Samples.csproj", "{0BA7D7F4-8D2B-4A4A-94A2-939C153961B0}"
EndProject
Global
	GlobalSection(SolutionConfigurationPlatforms) = preSolution
		Debug|Any CPU = Debug|Any CPU
		Release|Any CPU = Release|Any CPU
	EndGlobalSection
	GlobalSection(ProjectConfigurationPlatforms) = postSolution
		{7941AC21-0FC5-4046-ACC5-356BBC4452D5}.Debug|Any CPU.ActiveCfg = Debug|Any CPU
		{7941AC21-0FC5-4046-ACC5-356BBC4452D5}.Debug|Any CPU.Build.0 = Debug|Any CPU
		{7941AC21-0FC5-4046-ACC5-356BBC4452D5}.Release|Any CPU.ActiveCfg = Release|Any CPU
		{7941AC21-0FC5-4046-ACC5-356BBC4452D5}.Release|Any CPU.Build.0 = Release|Any CPU
		{979CB636-5BE9-4C87-BB34-EB8E047A39AB}.Debug|Any CPU.ActiveCfg = Debug|Any CPU
		{979CB636-5BE9-4C87-BB34-EB8E047A39AB}.Debug|Any CPU.Build.0 = Debug|Any CPU
		{979CB636-5BE9-4C87-BB34-EB8E047A39AB}.Release|Any CPU.ActiveCfg = Release|Any CPU
		{979CB636-5BE9-4C87-BB34-EB8E047A39AB}.Release|Any CPU.Build.0 = Release|Any CPU
		{04B12512-5AD4-44CB-A42F-076619A17B60}.Debug|Any CPU.ActiveCfg = Debug|Any CPU
		{04B12512-5AD4-44CB-A42F-076619A17B60}.Debug|Any CPU.Build.0 = Debug|Any CPU
		{04B12512-5AD4-44CB-A42F-076619A17B60}.Release|Any CPU.ActiveCfg = Release|Any CPU
		{04B12512-5AD4-44CB-A42F-076619A17B60}.Release|Any CPU.Build.0 = Release|Any CPU
		{998F1558-7217-41EC-A8D2-A96C5338DBA4}.Debug|Any CPU.ActiveCfg = Debug|Any CPU
		{998F1558-7217-41EC-A8D2-A96C5338DBA4}.Debug|Any CPU.Build.0 = Debug|Any CPU
		{998F1558-7217-41EC-A8D2-A96C5338DBA4}.Release|Any CPU.ActiveCfg = Release|Any CPU
		{998F1558-7217-41EC-A8D2-A96C5338DBA4}.Release|Any CPU.Build.0 = Release|Any CPU
		{0BA7D7F4-8D2B-4A4A-94A2-939C153961B0}.Debug|Any CPU.ActiveCfg = Debug|Any CPU
		{0BA7D7F4-8D2B-4A4A-94A2-939C153961B0}.Debug|Any CPU.Build.0 = Debug|Any CPU
		{0BA7D7F4-8D2B-4A4A-94A2-939C153961B0}.Release|Any CPU.ActiveCfg = Release|Any CPU
		{0BA7D7F4-8D2B-4A4A-94A2-939C153961B0}.Release|Any CPU.Build.0 = Release|Any CPU
	EndGlobalSection
	GlobalSection(SolutionProperties) = preSolution
		HideSolutionNode = FALSE
	EndGlobalSection
	GlobalSection(NestedProjects) = preSolution
		{04B12512-5AD4-44CB-A42F-076619A17B60} = {DB72DC5E-D46F-42BB-A6CB-F75A8F74F7AB}
		{998F1558-7217-41EC-A8D2-A96C5338DBA4} = {DB72DC5E-D46F-42BB-A6CB-F75A8F74F7AB}
	EndGlobalSection
	GlobalSection(ExtensibilityGlobals) = postSolution
		SolutionGuid = {A0C9F7DF-8AFE-4B1A-BC6C-D18AA5E6D2DC}
	EndGlobalSection
EndGlobal
