Microsoft Visual Studio Solution File, Format Version 12.00
# Visual Studio Version 17
VisualStudioVersion = 17.5.2.0
MinimumVisualStudioVersion = 10.0.40219.1
Project("{FAE04EC0-301F-11D3-BF4B-00C04F79EFBC}") = "Joufflu.Proto.Data", "Joufflu.Proto.Data.csproj", "{94D63190-E7FA-C22F-410F-CB960AB9E46B}"
EndProject
Global
	GlobalSection(SolutionConfigurationPlatforms) = preSolution
		Debug|Any CPU = Debug|Any CPU
		Release|Any CPU = Release|Any CPU
	EndGlobalSection
	GlobalSection(ProjectConfigurationPlatforms) = postSolution
		{94D63190-E7FA-C22F-410F-CB960AB9E46B}.Debug|Any CPU.ActiveCfg = Debug|Any CPU
		{94D63190-E7FA-C22F-410F-CB960AB9E46B}.Debug|Any CPU.Build.0 = Debug|Any CPU
		{94D63190-E7FA-C22F-410F-CB960AB9E46B}.Release|Any CPU.ActiveCfg = Release|Any CPU
		{94D63190-E7FA-C22F-410F-CB960AB9E46B}.Release|Any CPU.Build.0 = Release|Any CPU
	EndGlobalSection
	GlobalSection(SolutionProperties) = preSolution
		HideSolutionNode = FALSE
	EndGlobalSection
	GlobalSection(ExtensibilityGlobals) = postSolution
		SolutionGuid = {2EED7114-6991-4EC5-89F5-D5840C5AF0CC}
	EndGlobalSection
EndGlobal
